
Microsoft Visual Studio Solution File, Format Version 12.00
# Visual Studio Version 16
VisualStudioVersion = 16.0.30413.136
MinimumVisualStudioVersion = 10.0.40219.1
Project("{FAE04EC0-301F-11D3-BF4B-00C04F79EFBC}") = "ZeroTierAPI", "ZeroTierAPI.csproj", "{BADBAD85-7F2C-471C-A2E0-04341569294D}"
EndProject
Global
	GlobalSection(SolutionConfigurationPlatforms) = preSolution
		Debug|Any CPU = Debug|Any CPU
		Release|Any CPU = Release|Any CPU
	EndGlobalSection
	GlobalSection(ProjectConfigurationPlatforms) = postSolution
		{BADBAD85-7F2C-471C-A2E0-04341569294D}.Debug|Any CPU.ActiveCfg = Debug|Any CPU
		{BADBAD85-7F2C-471C-A2E0-04341569294D}.Debug|Any CPU.Build.0 = Debug|Any CPU
		{BADBAD85-7F2C-471C-A2E0-04341569294D}.Release|Any CPU.ActiveCfg = Release|Any CPU
		{BADBAD85-7F2C-471C-A2E0-04341569294D}.Release|Any CPU.Build.0 = Release|Any CPU
	EndGlobalSection
	GlobalSection(SolutionProperties) = preSolution
		HideSolutionNode = FALSE
	EndGlobalSection
	GlobalSection(ExtensibilityGlobals) = postSolution
		SolutionGuid = {C4248532-A473-4C08-A1C4-84D92FDE304A}
	EndGlobalSection
EndGlobal
